// !$*UTF8*$!
{
	archiveVersion = 1;
	classes = {
	};
	objectVersion = 50;
	objects = {

/* Begin PBXBuildFile section */
		9BB3A3CD25F2755700E91124 /* AppDelegate.swift in Sources */ = {isa = PBXBuildFile; fileRef = 9BB3A3CC25F2755700E91124 /* AppDelegate.swift */; };
		9BB3A3CF25F2755700E91124 /* SceneDelegate.swift in Sources */ = {isa = PBXBuildFile; fileRef = 9BB3A3CE25F2755700E91124 /* SceneDelegate.swift */; };
		9BB3A3D125F2755700E91124 /* ViewController.swift in Sources */ = {isa = PBXBuildFile; fileRef = 9BB3A3D025F2755700E91124 /* ViewController.swift */; };
		9BB3A3D425F2755700E91124 /* Main.storyboard in Resources */ = {isa = PBXBuildFile; fileRef = 9BB3A3D225F2755700E91124 /* Main.storyboard */; };
		9BB3A3D625F2755900E91124 /* Assets.xcassets in Resources */ = {isa = PBXBuildFile; fileRef = 9BB3A3D525F2755900E91124 /* Assets.xcassets */; };
		9BB3A3D925F2755900E91124 /* LaunchScreen.storyboard in Resources */ = {isa = PBXBuildFile; fileRef = 9BB3A3D725F2755900E91124 /* LaunchScreen.storyboard */; };
		9BB3A3E525F2758200E91124 /* Coordinator.swift in Sources */ = {isa = PBXBuildFile; fileRef = 9BB3A3E425F2758200E91124 /* Coordinator.swift */; };
		9BB3A3E925F2773C00E91124 /* Storyboarded.swift in Sources */ = {isa = PBXBuildFile; fileRef = 9BB3A3E825F2773C00E91124 /* Storyboarded.swift */; };
		9BB3A3EC25F27A5A00E91124 /* MainCoordinator.swift in Sources */ = {isa = PBXBuildFile; fileRef = 9BB3A3EB25F27A5A00E91124 /* MainCoordinator.swift */; };
		9BB3A3F125F281F800E91124 /* BuyViewController.swift in Sources */ = {isa = PBXBuildFile; fileRef = 9BB3A3F025F281F800E91124 /* BuyViewController.swift */; };
		9BB3A3F425F2821900E91124 /* CreateAccountViewController.swift in Sources */ = {isa = PBXBuildFile; fileRef = 9BB3A3F325F2821900E91124 /* CreateAccountViewController.swift */; };
/* End PBXBuildFile section */

/* Begin PBXFileReference section */
		9BB3A3C925F2755700E91124 /* CoordinatorDemo.app */ = {isa = PBXFileReference; explicitFileType = wrapper.application; includeInIndex = 0; path = CoordinatorDemo.app; sourceTree = BUILT_PRODUCTS_DIR; };
		9BB3A3CC25F2755700E91124 /* AppDelegate.swift */ = {isa = PBXFileReference; lastKnownFileType = sourcecode.swift; path = AppDelegate.swift; sourceTree = "<group>"; };
		9BB3A3CE25F2755700E91124 /* SceneDelegate.swift */ = {isa = PBXFileReference; lastKnownFileType = sourcecode.swift; path = SceneDelegate.swift; sourceTree = "<group>"; };
		9BB3A3D025F2755700E91124 /* ViewController.swift */ = {isa = PBXFileReference; lastKnownFileType = sourcecode.swift; path = ViewController.swift; sourceTree = "<group>"; };
		9BB3A3D325F2755700E91124 /* Base */ = {isa = PBXFileReference; lastKnownFileType = file.storyboard; name = Base; path = Base.lproj/Main.storyboard; sourceTree = "<group>"; };
		9BB3A3D525F2755900E91124 /* Assets.xcassets */ = {isa = PBXFileReference; lastKnownFileType = folder.assetcatalog; path = Assets.xcassets; sourceTree = "<group>"; };
		9BB3A3D825F2755900E91124 /* Base */ = {isa = PBXFileReference; lastKnownFileType = file.storyboard; name = Base; path = Base.lproj/LaunchScreen.storyboard; sourceTree = "<group>"; };
		9BB3A3DA25F2755900E91124 /* Info.plist */ = {isa = PBXFileReference; lastKnownFileType = text.plist.xml; path = Info.plist; sourceTree = "<group>"; };
		9BB3A3E425F2758200E91124 /* Coordinator.swift */ = {isa = PBXFileReference; lastKnownFileType = sourcecode.swift; path = Coordinator.swift; sourceTree = "<group>"; };
		9BB3A3E825F2773C00E91124 /* Storyboarded.swift */ = {isa = PBXFileReference; lastKnownFileType = sourcecode.swift; path = Storyboarded.swift; sourceTree = "<group>"; };
		9BB3A3EB25F27A5A00E91124 /* MainCoordinator.swift */ = {isa = PBXFileReference; lastKnownFileType = sourcecode.swift; path = MainCoordinator.swift; sourceTree = "<group>"; };
		9BB3A3F025F281F800E91124 /* BuyViewController.swift */ = {isa = PBXFileReference; lastKnownFileType = sourcecode.swift; path = BuyViewController.swift; sourceTree = "<group>"; };
		9BB3A3F325F2821900E91124 /* CreateAccountViewController.swift */ = {isa = PBXFileReference; lastKnownFileType = sourcecode.swift; path = CreateAccountViewController.swift; sourceTree = "<group>"; };
/* End PBXFileReference section */

/* Begin PBXFrameworksBuildPhase section */
		9BB3A3C625F2755700E91124 /* Frameworks */ = {
			isa = PBXFrameworksBuildPhase;
			buildActionMask = 2147483647;
			files = (
			);
			runOnlyForDeploymentPostprocessing = 0;
		};
/* End PBXFrameworksBuildPhase section */

/* Begin PBXGroup section */
		0E43F4C02918517E0043D93E /* App */ = {
			isa = PBXGroup;
			children = (
				9BB3A3CC25F2755700E91124 /* AppDelegate.swift */,
				9BB3A3CE25F2755700E91124 /* SceneDelegate.swift */,
			);
			path = App;
			sourceTree = "<group>";
		};
		0E43F4C12918518C0043D93E /* Coordinator */ = {
			isa = PBXGroup;
			children = (
				9BB3A3EB25F27A5A00E91124 /* MainCoordinator.swift */,
				9BB3A3E425F2758200E91124 /* Coordinator.swift */,
			);
			path = Coordinator;
			sourceTree = "<group>";
		};
		0E43F4C2291851A20043D93E /* ViewController */ = {
			isa = PBXGroup;
			children = (
				9BB3A3F025F281F800E91124 /* BuyViewController.swift */,
				9BB3A3F325F2821900E91124 /* CreateAccountViewController.swift */,
				9BB3A3D025F2755700E91124 /* ViewController.swift */,
			);
			path = ViewController;
			sourceTree = "<group>";
		};
		9BB3A3C025F2755700E91124 = {
			isa = PBXGroup;
			children = (
				9BB3A3CB25F2755700E91124 /* CoordinatorDemo */,
				9BB3A3CA25F2755700E91124 /* Products */,
			);
			sourceTree = "<group>";
		};
		9BB3A3CA25F2755700E91124 /* Products */ = {
			isa = PBXGroup;
			children = (
				9BB3A3C925F2755700E91124 /* CoordinatorDemo.app */,
			);
			name = Products;
			sourceTree = "<group>";
		};
		9BB3A3CB25F2755700E91124 /* CoordinatorDemo */ = {
			isa = PBXGroup;
			children = (
				0E43F4C2291851A20043D93E /* ViewController */,
				0E43F4C12918518C0043D93E /* Coordinator */,
				0E43F4C02918517E0043D93E /* App */,
				9BB3A3D225F2755700E91124 /* Main.storyboard */,
				9BB3A3D525F2755900E91124 /* Assets.xcassets */,
				9BB3A3D725F2755900E91124 /* LaunchScreen.storyboard */,
				9BB3A3DA25F2755900E91124 /* Info.plist */,
				9BB3A3E825F2773C00E91124 /* Storyboarded.swift */,
			);
			path = CoordinatorDemo;
			sourceTree = "<group>";
		};
/* End PBXGroup section */

/* Begin PBXNativeTarget section */
		9BB3A3C825F2755700E91124 /* CoordinatorDemo */ = {
			isa = PBXNativeTarget;
			buildConfigurationList = 9BB3A3DD25F2755900E91124 /* Build configuration list for PBXNativeTarget "CoordinatorDemo" */;
			buildPhases = (
				9BB3A3C525F2755700E91124 /* Sources */,
				9BB3A3C625F2755700E91124 /* Frameworks */,
				9BB3A3C725F2755700E91124 /* Resources */,
			);
			buildRules = (
			);
			dependencies = (
			);
			name = CoordinatorDemo;
			productName = CoordinatorDemo;
			productReference = 9BB3A3C925F2755700E91124 /* CoordinatorDemo.app */;
			productType = "com.apple.product-type.application";
		};
/* End PBXNativeTarget section */

/* Begin PBXProject section */
		9BB3A3C125F2755700E91124 /* Project object */ = {
			isa = PBXProject;
			attributes = {
				LastSwiftUpdateCheck = 1220;
				LastUpgradeCheck = 1220;
				TargetAttributes = {
					9BB3A3C825F2755700E91124 = {
						CreatedOnToolsVersion = 12.2;
					};
				};
			};
			buildConfigurationList = 9BB3A3C425F2755700E91124 /* Build configuration list for PBXProject "CoordinatorDemo" */;
			compatibilityVersion = "Xcode 9.3";
			developmentRegion = en;
			hasScannedForEncodings = 0;
			knownRegions = (
				en,
				Base,
			);
			mainGroup = 9BB3A3C025F2755700E91124;
			productRefGroup = 9BB3A3CA25F2755700E91124 /* Products */;
			projectDirPath = "";
			projectRoot = "";
			targets = (
				9BB3A3C825F2755700E91124 /* CoordinatorDemo */,
			);
		};
/* End PBXProject section */

/* Begin PBXResourcesBuildPhase section */
		9BB3A3C725F2755700E91124 /* Resources */ = {
			isa = PBXResourcesBuildPhase;
			buildActionMask = 2147483647;
			files = (
				9BB3A3D925F2755900E91124 /* LaunchScreen.storyboard in Resources */,
				9BB3A3D625F2755900E91124 /* Assets.xcassets in Resources */,
				9BB3A3D425F2755700E91124 /* Main.storyboard in Resources */,
			);
			runOnlyForDeploymentPostprocessing = 0;
		};
/* End PBXResourcesBuildPhase section */

/* Begin PBXSourcesBuildPhase section */
		9BB3A3C525F2755700E91124 /* Sources */ = {
			isa = PBXSourcesBuildPhase;
			buildActionMask = 2147483647;
			files = (
				9BB3A3E525F2758200E91124 /* Coordinator.swift in Sources */,
				9BB3A3EC25F27A5A00E91124 /* MainCoordinator.swift in Sources */,
				9BB3A3E925F2773C00E91124 /* Storyboarded.swift in Sources */,
				9BB3A3D125F2755700E91124 /* ViewController.swift in Sources */,
				9BB3A3F425F2821900E91124 /* CreateAccountViewController.swift in Sources */,
				9BB3A3CD25F2755700E91124 /* AppDelegate.swift in Sources */,
				9BB3A3F125F281F800E91124 /* BuyViewController.swift in Sources */,
				9BB3A3CF25F2755700E91124 /* SceneDelegate.swift in Sources */,
			);
			runOnlyForDeploymentPostprocessing = 0;
		};
/* End PBXSourcesBuildPhase section */

/* Begin PBXVariantGroup section */
		9BB3A3D225F2755700E91124 /* Main.storyboard */ = {
			isa = PBXVariantGroup;
			children = (
				9BB3A3D325F2755700E91124 /* Base */,
			);
			name = Main.storyboard;
			sourceTree = "<group>";
		};
		9BB3A3D725F2755900E91124 /* LaunchScreen.storyboard */ = {
			isa = PBXVariantGroup;
			children = (
				9BB3A3D825F2755900E91124 /* Base */,
			);
			name = LaunchScreen.storyboard;
			sourceTree = "<group>";
		};
/* End PBXVariantGroup section */

/* Begin XCBuildConfiguration section */
		9BB3A3DB25F2755900E91124 /* Debug */ = {
			isa = XCBuildConfiguration;
			buildSettings = {
				ALWAYS_SEARCH_USER_PATHS = NO;
				CLANG_ANALYZER_NONNULL = YES;
				CLANG_ANALYZER_NUMBER_OBJECT_CONVERSION = YES_AGGRESSIVE;
				CLANG_CXX_LANGUAGE_STANDARD = "gnu++14";
				CLANG_CXX_LIBRARY = "libc++";
				CLANG_ENABLE_MODULES = YES;
				CLANG_ENABLE_OBJC_ARC = YES;
				CLANG_ENABLE_OBJC_WEAK = YES;
				CLANG_WARN_BLOCK_CAPTURE_AUTORELEASING = YES;
				CLANG_WARN_BOOL_CONVERSION = YES;
				CLANG_WARN_COMMA = YES;
				CLANG_WARN_CONSTANT_CONVERSION = YES;
				CLANG_WARN_DEPRECATED_OBJC_IMPLEMENTATIONS = YES;
				CLANG_WARN_DIRECT_OBJC_ISA_USAGE = YES_ERROR;
				CLANG_WARN_DOCUMENTATION_COMMENTS = YES;
				CLANG_WARN_EMPTY_BODY = YES;
				CLANG_WARN_ENUM_CONVERSION = YES;
				CLANG_WARN_INFINITE_RECURSION = YES;
				CLANG_WARN_INT_CONVERSION = YES;
				CLANG_WARN_NON_LITERAL_NULL_CONVERSION = YES;
				CLANG_WARN_OBJC_IMPLICIT_RETAIN_SELF = YES;
				CLANG_WARN_OBJC_LITERAL_CONVERSION = YES;
				CLANG_WARN_OBJC_ROOT_CLASS = YES_ERROR;
				CLANG_WARN_QUOTED_INCLUDE_IN_FRAMEWORK_HEADER = YES;
				CLANG_WARN_RANGE_LOOP_ANALYSIS = YES;
				CLANG_WARN_STRICT_PROTOTYPES = YES;
				CLANG_WARN_SUSPICIOUS_MOVE = YES;
				CLANG_WARN_UNGUARDED_AVAILABILITY = YES_AGGRESSIVE;
				CLANG_WARN_UNREACHABLE_CODE = YES;
				CLANG_WARN__DUPLICATE_METHOD_MATCH = YES;
				COPY_PHASE_STRIP = NO;
				DEBUG_INFORMATION_FORMAT = dwarf;
				ENABLE_STRICT_OBJC_MSGSEND = YES;
				ENABLE_TESTABILITY = YES;
				GCC_C_LANGUAGE_STANDARD = gnu11;
				GCC_DYNAMIC_NO_PIC = NO;
				GCC_NO_COMMON_BLOCKS = YES;
				GCC_OPTIMIZATION_LEVEL = 0;
				GCC_PREPROCESSOR_DEFINITIONS = (
					"DEBUG=1",
					"$(inherited)",
				);
				GCC_WARN_64_TO_32_BIT_CONVERSION = YES;
				GCC_WARN_ABOUT_RETURN_TYPE = YES_ERROR;
				GCC_WARN_UNDECLARED_SELECTOR = YES;
				GCC_WARN_UNINITIALIZED_AUTOS = YES_AGGRESSIVE;
				GCC_WARN_UNUSED_FUNCTION = YES;
				GCC_WARN_UNUSED_VARIABLE = YES;
				IPHONEOS_DEPLOYMENT_TARGET = 13.0;
				MTL_ENABLE_DEBUG_INFO = INCLUDE_SOURCE;
				MTL_FAST_MATH = YES;
				ONLY_ACTIVE_ARCH = YES;
				SDKROOT = iphoneos;
				SWIFT_ACTIVE_COMPILATION_CONDITIONS = DEBUG;
				SWIFT_OPTIMIZATION_LEVEL = "-Onone";
			};
			name = Debug;
		};
		9BB3A3DC25F2755900E91124 /* Release */ = {
			isa = XCBuildConfiguration;
			buildSettings = {
				ALWAYS_SEARCH_USER_PATHS = NO;
				CLANG_ANALYZER_NONNULL = YES;
				CLANG_ANALYZER_NUMBER_OBJECT_CONVERSION = YES_AGGRESSIVE;
				CLANG_CXX_LANGUAGE_STANDARD = "gnu++14";
				CLANG_CXX_LIBRARY = "libc++";
				CLANG_ENABLE_MODULES = YES;
				CLANG_ENABLE_OBJC_ARC = YES;
				CLANG_ENABLE_OBJC_WEAK = YES;
				CLANG_WARN_BLOCK_CAPTURE_AUTORELEASING = YES;
				CLANG_WARN_BOOL_CONVERSION = YES;
				CLANG_WARN_COMMA = YES;
				CLANG_WARN_CONSTANT_CONVERSION = YES;
				CLANG_WARN_DEPRECATED_OBJC_IMPLEMENTATIONS = YES;
				CLANG_WARN_DIRECT_OBJC_ISA_USAGE = YES_ERROR;
				CLANG_WARN_DOCUMENTATION_COMMENTS = YES;
				CLANG_WARN_EMPTY_BODY = YES;
				CLANG_WARN_ENUM_CONVERSION = YES;
				CLANG_WARN_INFINITE_RECURSION = YES;
				CLANG_WARN_INT_CONVERSION = YES;
				CLANG_WARN_NON_LITERAL_NULL_CONVERSION = YES;
				CLANG_WARN_OBJC_IMPLICIT_RETAIN_SELF = YES;
				CLANG_WARN_OBJC_LITERAL_CONVERSION = YES;
				CLANG_WARN_OBJC_ROOT_CLASS = YES_ERROR;
				CLANG_WARN_QUOTED_INCLUDE_IN_FRAMEWORK_HEADER = YES;
				CLANG_WARN_RANGE_LOOP_ANALYSIS = YES;
				CLANG_WARN_STRICT_PROTOTYPES = YES;
				CLANG_WARN_SUSPICIOUS_MOVE = YES;
				CLANG_WARN_UNGUARDED_AVAILABILITY = YES_AGGRESSIVE;
				CLANG_WARN_UNREACHABLE_CODE = YES;
				CLANG_WARN__DUPLICATE_METHOD_MATCH = YES;
				COPY_PHASE_STRIP = NO;
				DEBUG_INFORMATION_FORMAT = "dwarf-with-dsym";
				ENABLE_NS_ASSERTIONS = NO;
				ENABLE_STRICT_OBJC_MSGSEND = YES;
				GCC_C_LANGUAGE_STANDARD = gnu11;
				GCC_NO_COMMON_BLOCKS = YES;
				GCC_WARN_64_TO_32_BIT_CONVERSION = YES;
				GCC_WARN_ABOUT_RETURN_TYPE = YES_ERROR;
				GCC_WARN_UNDECLARED_SELECTOR = YES;
				GCC_WARN_UNINITIALIZED_AUTOS = YES_AGGRESSIVE;
				GCC_WARN_UNUSED_FUNCTION = YES;
				GCC_WARN_UNUSED_VARIABLE = YES;
				IPHONEOS_DEPLOYMENT_TARGET = 13.0;
				MTL_ENABLE_DEBUG_INFO = NO;
				MTL_FAST_MATH = YES;
				SDKROOT = iphoneos;
				SWIFT_COMPILATION_MODE = wholemodule;
				SWIFT_OPTIMIZATION_LEVEL = "-O";
				VALIDATE_PRODUCT = YES;
			};
			name = Release;
		};
		9BB3A3DE25F2755900E91124 /* Debug */ = {
			isa = XCBuildConfiguration;
			buildSettings = {
				ASSETCATALOG_COMPILER_APPICON_NAME = AppIcon;
				ASSETCATALOG_COMPILER_GLOBAL_ACCENT_COLOR_NAME = AccentColor;
				CODE_SIGN_STYLE = Automatic;
				DEVELOPMENT_TEAM = 2WR453DHZ3;
				INFOPLIST_FILE = CoordinatorDemo/Info.plist;
				LD_RUNPATH_SEARCH_PATHS = (
					"$(inherited)",
					"@executable_path/Frameworks",
				);
				PRODUCT_BUNDLE_IDENTIFIER = com.chetan.dev.CoordinatorDemo;
				PRODUCT_NAME = "$(TARGET_NAME)";
				SWIFT_VERSION = 5.0;
				TARGETED_DEVICE_FAMILY = "1,2";
			};
			name = Debug;
		};
		9BB3A3DF25F2755900E91124 /* Release */ = {
			isa = XCBuildConfiguration;
			buildSettings = {
				ASSETCATALOG_COMPILER_APPICON_NAME = AppIcon;
				ASSETCATALOG_COMPILER_GLOBAL_ACCENT_COLOR_NAME = AccentColor;
				CODE_SIGN_STYLE = Automatic;
				DEVELOPMENT_TEAM = 2WR453DHZ3;
				INFOPLIST_FILE = CoordinatorDemo/Info.plist;
				LD_RUNPATH_SEARCH_PATHS = (
					"$(inherited)",
					"@executable_path/Frameworks",
				);
				PRODUCT_BUNDLE_IDENTIFIER = com.chetan.dev.CoordinatorDemo;
				PRODUCT_NAME = "$(TARGET_NAME)";
				SWIFT_VERSION = 5.0;
				TARGETED_DEVICE_FAMILY = "1,2";
			};
			name = Release;
		};
/* End XCBuildConfiguration section */

/* Begin XCConfigurationList section */
		9BB3A3C425F2755700E91124 /* Build configuration list for PBXProject "CoordinatorDemo" */ = {
			isa = XCConfigurationList;
			buildConfigurations = (
				9BB3A3DB25F2755900E91124 /* Debug */,
				9BB3A3DC25F2755900E91124 /* Release */,
			);
			defaultConfigurationIsVisible = 0;
			defaultConfigurationName = Release;
		};
		9BB3A3DD25F2755900E91124 /* Build configuration list for PBXNativeTarget "CoordinatorDemo" */ = {
			isa = XCConfigurationList;
			buildConfigurations = (
				9BB3A3DE25F2755900E91124 /* Debug */,
				9BB3A3DF25F2755900E91124 /* Release */,
			);
			defaultConfigurationIsVisible = 0;
			defaultConfigurationName = Release;
		};
/* End XCConfigurationList section */
	};
	rootObject = 9BB3A3C125F2755700E91124 /* Project object */;
}
